
Microsoft Visual Studio Solution File, Format Version 12.00
# Visual Studio Version 17
VisualStudioVersion = 17.11.35303.130
MinimumVisualStudioVersion = 10.0.40219.1
Project("{FAE04EC0-301F-11D3-BF4B-00C04F79EFBC}") = "SDM24_MBH", "SDM24_MBH\SDM24_MBH.csproj", "{396F62A5-6DBF-4037-818C-A2D60FD3ECE2}"
EndProject
Global
	GlobalSection(SolutionConfigurationPlatforms) = preSolution
		Debug|Any CPU = Debug|Any CPU
		Release|Any CPU = Release|Any CPU
	EndGlobalSection
	GlobalSection(ProjectConfigurationPlatforms) = postSolution
		{396F62A5-6DBF-4037-818C-A2D60FD3ECE2}.Debug|Any CPU.ActiveCfg = Debug|Any CPU
		{396F62A5-6DBF-4037-818C-A2D60FD3ECE2}.Debug|Any CPU.Build.0 = Debug|Any CPU
		{396F62A5-6DBF-4037-818C-A2D60FD3ECE2}.Debug|Any CPU.Deploy.0 = Debug|Any CPU
		{396F62A5-6DBF-4037-818C-A2D60FD3ECE2}.Release|Any CPU.ActiveCfg = Release|Any CPU
		{396F62A5-6DBF-4037-818C-A2D60FD3ECE2}.Release|Any CPU.Build.0 = Release|Any CPU
		{396F62A5-6DBF-4037-818C-A2D60FD3ECE2}.Release|Any CPU.Deploy.0 = Release|Any CPU
	EndGlobalSection
	GlobalSection(SolutionProperties) = preSolution
		HideSolutionNode = FALSE
	EndGlobalSection
	GlobalSection(ExtensibilityGlobals) = postSolution
		SolutionGuid = {64A9DFEF-6E23-40D1-9FEE-4B8DB747C09A}
	EndGlobalSection
EndGlobal
